
Microsoft Visual Studio Solution File, Format Version 12.00
# Visual Studio Version 16
VisualStudioVersion = 16.0.29102.190
MinimumVisualStudioVersion = 10.0.40219.1
Project("{FAE04EC0-301F-11D3-BF4B-00C04F79EFBC}") = "Sales System", "Sales System\Sales System.csproj", "{E692F148-1D6B-4D4A-ABB5-3B1711C6B868}"
EndProject
Global
	GlobalSection(SolutionConfigurationPlatforms) = preSolution
		Debug|Any CPU = Debug|Any CPU
		Release|Any CPU = Release|Any CPU
	EndGlobalSection
	GlobalSection(ProjectConfigurationPlatforms) = postSolution
		{E692F148-1D6B-4D4A-ABB5-3B1711C6B868}.Debug|Any CPU.ActiveCfg = Debug|Any CPU
		{E692F148-1D6B-4D4A-ABB5-3B1711C6B868}.Debug|Any CPU.Build.0 = Debug|Any CPU
		{E692F148-1D6B-4D4A-ABB5-3B1711C6B868}.Release|Any CPU.ActiveCfg = Release|Any CPU
		{E692F148-1D6B-4D4A-ABB5-3B1711C6B868}.Release|Any CPU.Build.0 = Release|Any CPU
	EndGlobalSection
	GlobalSection(SolutionProperties) = preSolution
		HideSolutionNode = FALSE
	EndGlobalSection
	GlobalSection(ExtensibilityGlobals) = postSolution
		SolutionGuid = {CF08AB2E-AD3A-4C0C-96A5-AA9788925959}
	EndGlobalSection
EndGlobal
